
Microsoft Visual Studio Solution File, Format Version 12.00
# Visual Studio Version 16
VisualStudioVersion = 16.0.29519.181
MinimumVisualStudioVersion = 10.0.40219.1
Project("{2150E333-8FDC-42A3-9474-1A3956D46DE8}") = "1 Source", "1 Source", "{A909AFEA-96FA-4A09-AD94-51920CECE744}"
EndProject
Project("{2150E333-8FDC-42A3-9474-1A3956D46DE8}") = "2 Tests", "2 Tests", "{22B8B157-85C7-4306-A011-A6E135068AC4}"
	ProjectSection(SolutionItems) = preProject
		Tests\CodeCoverage.runsettings = Tests\CodeCoverage.runsettings
	EndProjectSection
EndProject
Project("{2150E333-8FDC-42A3-9474-1A3956D46DE8}") = "3 Scripts", "3 Scripts", "{578A5492-21AD-4F7C-8B12-932E7F2D8487}"
	ProjectSection(SolutionItems) = preProject
		Scripts\PackagePrerelease.ps1 = Scripts\PackagePrerelease.ps1
		Scripts\Publish.yml = Scripts\Publish.yml
		Scripts\Test.yml = Scripts\Test.yml
	EndProjectSection
EndProject
Project("{9A19103F-16F7-4668-BE54-9A1E7A4F7556}") = "DickinsonBros.UnitTest", "Source\DickinsonBros.UnitTest\DickinsonBros.UnitTest.csproj", "{74D2A14E-3265-4DF0-8AB8-55FA5867E9BD}"
EndProject
Project("{9A19103F-16F7-4668-BE54-9A1E7A4F7556}") = "DickinsonBros.UnitTest.Tests", "Tests\DickinsonBros.UnitTest.Tests\DickinsonBros.UnitTest.Tests.csproj", "{51568E2C-EA18-453B-8856-A033DD7E7924}"
EndProject
Global
	GlobalSection(SolutionConfigurationPlatforms) = preSolution
		Debug|Any CPU = Debug|Any CPU
		Release|Any CPU = Release|Any CPU
	EndGlobalSection
	GlobalSection(ProjectConfigurationPlatforms) = postSolution
		{74D2A14E-3265-4DF0-8AB8-55FA5867E9BD}.Debug|Any CPU.ActiveCfg = Debug|Any CPU
		{74D2A14E-3265-4DF0-8AB8-55FA5867E9BD}.Debug|Any CPU.Build.0 = Debug|Any CPU
		{74D2A14E-3265-4DF0-8AB8-55FA5867E9BD}.Release|Any CPU.ActiveCfg = Release|Any CPU
		{74D2A14E-3265-4DF0-8AB8-55FA5867E9BD}.Release|Any CPU.Build.0 = Release|Any CPU
		{51568E2C-EA18-453B-8856-A033DD7E7924}.Debug|Any CPU.ActiveCfg = Debug|Any CPU
		{51568E2C-EA18-453B-8856-A033DD7E7924}.Debug|Any CPU.Build.0 = Debug|Any CPU
		{51568E2C-EA18-453B-8856-A033DD7E7924}.Release|Any CPU.ActiveCfg = Release|Any CPU
		{51568E2C-EA18-453B-8856-A033DD7E7924}.Release|Any CPU.Build.0 = Release|Any CPU
	EndGlobalSection
	GlobalSection(SolutionProperties) = preSolution
		HideSolutionNode = FALSE
	EndGlobalSection
	GlobalSection(NestedProjects) = preSolution
		{74D2A14E-3265-4DF0-8AB8-55FA5867E9BD} = {A909AFEA-96FA-4A09-AD94-51920CECE744}
		{51568E2C-EA18-453B-8856-A033DD7E7924} = {22B8B157-85C7-4306-A011-A6E135068AC4}
	EndGlobalSection
	GlobalSection(ExtensibilityGlobals) = postSolution
		SolutionGuid = {1DB1E5DB-4E7C-4362-8C2A-D26366D04E39}
	EndGlobalSection
EndGlobal
